
Microsoft Visual Studio Solution File, Format Version 12.00
# Visual Studio Version 17
VisualStudioVersion = 17.5.33516.290
MinimumVisualStudioVersion = 10.0.40219.1
Project("{9A19103F-16F7-4668-BE54-9A1E7A4F7556}") = "AWSDockerLambda", "AWSDockerLambda.csproj", "{BD12E916-E379-4DAC-8119-31644CD980CD}"
EndProject
Global
	GlobalSection(SolutionConfigurationPlatforms) = preSolution
		Debug|Any CPU = Debug|Any CPU
		Release|Any CPU = Release|Any CPU
	EndGlobalSection
	GlobalSection(ProjectConfigurationPlatforms) = postSolution
		{BD12E916-E379-4DAC-8119-31644CD980CD}.Debug|Any CPU.ActiveCfg = Debug|Any CPU
		{BD12E916-E379-4DAC-8119-31644CD980CD}.Debug|Any CPU.Build.0 = Debug|Any CPU
		{BD12E916-E379-4DAC-8119-31644CD980CD}.Release|Any CPU.ActiveCfg = Release|Any CPU
		{BD12E916-E379-4DAC-8119-31644CD980CD}.Release|Any CPU.Build.0 = Release|Any CPU
	EndGlobalSection
	GlobalSection(SolutionProperties) = preSolution
		HideSolutionNode = FALSE
	EndGlobalSection
	GlobalSection(ExtensibilityGlobals) = postSolution
		SolutionGuid = {C3CDA076-48C6-4BAE-AE5C-C55748A9C0F6}
	EndGlobalSection
EndGlobal
